// !$*UTF8*$!
{
	archiveVersion = 1;
	classes = {
	};
	objectVersion = 46;
	objects = {

/* Begin PBXBuildFile section */
		7D8A8B431F41E46E00601864 /* AppDelegate.swift in Sources */ = {isa = PBXBuildFile; fileRef = 7D8A8B421F41E46E00601864 /* AppDelegate.swift */; };
		7D8A8B451F41E46E00601864 /* ViewController.swift in Sources */ = {isa = PBXBuildFile; fileRef = 7D8A8B441F41E46E00601864 /* ViewController.swift */; };
		7D8A8B481F41E46E00601864 /* Main.storyboard in Resources */ = {isa = PBXBuildFile; fileRef = 7D8A8B461F41E46E00601864 /* Main.storyboard */; };
		7D8A8B4A1F41E46E00601864 /* Assets.xcassets in Resources */ = {isa = PBXBuildFile; fileRef = 7D8A8B491F41E46E00601864 /* Assets.xcassets */; };
		7D8A8B4D1F41E46E00601864 /* LaunchScreen.storyboard in Resources */ = {isa = PBXBuildFile; fileRef = 7D8A8B4B1F41E46E00601864 /* LaunchScreen.storyboard */; };
/* End PBXBuildFile section */

/* Begin PBXFileReference section */
		7D8A8B3F1F41E46E00601864 /* ci-sample.app */ = {isa = PBXFileReference; explicitFileType = wrapper.application; includeInIndex = 0; path = "ci-sample.app"; sourceTree = BUILT_PRODUCTS_DIR; };
		7D8A8B421F41E46E00601864 /* AppDelegate.swift */ = {isa = PBXFileReference; lastKnownFileType = sourcecode.swift; path = AppDelegate.swift; sourceTree = "<group>"; };
		7D8A8B441F41E46E00601864 /* ViewController.swift */ = {isa = PBXFileReference; lastKnownFileType = sourcecode.swift; path = ViewController.swift; sourceTree = "<group>"; };
		7D8A8B471F41E46E00601864 /* Base */ = {isa = PBXFileReference; lastKnownFileType = file.storyboard; name = Base; path = Base.lproj/Main.storyboard; sourceTree = "<group>"; };
		7D8A8B491F41E46E00601864 /* Assets.xcassets */ = {isa = PBXFileReference; lastKnownFileType = folder.assetcatalog; path = Assets.xcassets; sourceTree = "<group>"; };
		7D8A8B4C1F41E46E00601864 /* Base */ = {isa = PBXFileReference; lastKnownFileType = file.storyboard; name = Base; path = Base.lproj/LaunchScreen.storyboard; sourceTree = "<group>"; };
		7D8A8B4E1F41E46E00601864 /* Info.plist */ = {isa = PBXFileReference; lastKnownFileType = text.plist.xml; path = Info.plist; sourceTree = "<group>"; };
/* End PBXFileReference section */

/* Begin PBXFrameworksBuildPhase section */
		7D8A8B3C1F41E46E00601864 /* Frameworks */ = {
			isa = PBXFrameworksBuildPhase;
			buildActionMask = 2147483647;
			files = (
			);
			runOnlyForDeploymentPostprocessing = 0;
		};
/* End PBXFrameworksBuildPhase section */

/* Begin PBXGroup section */
		7D8A8B361F41E46E00601864 = {
			isa = PBXGroup;
			children = (
				7D8A8B411F41E46E00601864 /* ci-sample */,
				7D8A8B401F41E46E00601864 /* Products */,
			);
			sourceTree = "<group>";
		};
		7D8A8B401F41E46E00601864 /* Products */ = {
			isa = PBXGroup;
			children = (
				7D8A8B3F1F41E46E00601864 /* ci-sample.app */,
			);
			name = Products;
			sourceTree = "<group>";
		};
		7D8A8B411F41E46E00601864 /* ci-sample */ = {
			isa = PBXGroup;
			children = (
				7D8A8B421F41E46E00601864 /* AppDelegate.swift */,
				7D8A8B441F41E46E00601864 /* ViewController.swift */,
				7D8A8B461F41E46E00601864 /* Main.storyboard */,
				7D8A8B491F41E46E00601864 /* Assets.xcassets */,
				7D8A8B4B1F41E46E00601864 /* LaunchScreen.storyboard */,
				7D8A8B4E1F41E46E00601864 /* Info.plist */,
			);
			path = "ci-sample";
			sourceTree = "<group>";
		};
/* End PBXGroup section */

/* Begin PBXNativeTarget section */
		7D8A8B3E1F41E46E00601864 /* ci-sample */ = {
			isa = PBXNativeTarget;
			buildConfigurationList = 7D8A8B511F41E46E00601864 /* Build configuration list for PBXNativeTarget "ci-sample" */;
			buildPhases = (
				7D8A8B3B1F41E46E00601864 /* Sources */,
				7D8A8B3C1F41E46E00601864 /* Frameworks */,
				7D8A8B3D1F41E46E00601864 /* Resources */,
			);
			buildRules = (
			);
			dependencies = (
			);
			name = "ci-sample";
			productName = "ci-sample";
			productReference = 7D8A8B3F1F41E46E00601864 /* ci-sample.app */;
			productType = "com.apple.product-type.application";
		};
/* End PBXNativeTarget section */

/* Begin PBXProject section */
		7D8A8B371F41E46E00601864 /* Project object */ = {
			isa = PBXProject;
			attributes = {
				LastSwiftUpdateCheck = 0830;
				LastUpgradeCheck = 0830;
				ORGANIZATIONNAME = tarappo;
				TargetAttributes = {
					7D8A8B3E1F41E46E00601864 = {
						CreatedOnToolsVersion = 8.3.3;
						DevelopmentTeam = V25827DWJV;
						ProvisioningStyle = Manual;
					};
				};
			};
			buildConfigurationList = 7D8A8B3A1F41E46E00601864 /* Build configuration list for PBXProject "ci-sample" */;
			compatibilityVersion = "Xcode 3.2";
			developmentRegion = English;
			hasScannedForEncodings = 0;
			knownRegions = (
				en,
				Base,
			);
			mainGroup = 7D8A8B361F41E46E00601864;
			productRefGroup = 7D8A8B401F41E46E00601864 /* Products */;
			projectDirPath = "";
			projectRoot = "";
			targets = (
				7D8A8B3E1F41E46E00601864 /* ci-sample */,
			);
		};
/* End PBXProject section */

/* Begin PBXResourcesBuildPhase section */
		7D8A8B3D1F41E46E00601864 /* Resources */ = {
			isa = PBXResourcesBuildPhase;
			buildActionMask = 2147483647;
			files = (
				7D8A8B4D1F41E46E00601864 /* LaunchScreen.storyboard in Resources */,
				7D8A8B4A1F41E46E00601864 /* Assets.xcassets in Resources */,
				7D8A8B481F41E46E00601864 /* Main.storyboard in Resources */,
			);
			runOnlyForDeploymentPostprocessing = 0;
		};
/* End PBXResourcesBuildPhase section */

/* Begin PBXSourcesBuildPhase section */
		7D8A8B3B1F41E46E00601864 /* Sources */ = {
			isa = PBXSourcesBuildPhase;
			buildActionMask = 2147483647;
			files = (
				7D8A8B451F41E46E00601864 /* ViewController.swift in Sources */,
				7D8A8B431F41E46E00601864 /* AppDelegate.swift in Sources */,
			);
			runOnlyForDeploymentPostprocessing = 0;
		};
/* End PBXSourcesBuildPhase section */

/* Begin PBXVariantGroup section */
		7D8A8B461F41E46E00601864 /* Main.storyboard */ = {
			isa = PBXVariantGroup;
			children = (
				7D8A8B471F41E46E00601864 /* Base */,
			);
			name = Main.storyboard;
			sourceTree = "<group>";
		};
		7D8A8B4B1F41E46E00601864 /* LaunchScreen.storyboard */ = {
			isa = PBXVariantGroup;
			children = (
				7D8A8B4C1F41E46E00601864 /* Base */,
			);
			name = LaunchScreen.storyboard;
			sourceTree = "<group>";
		};
/* End PBXVariantGroup section */

/* Begin XCBuildConfiguration section */
		7D8A8B4F1F41E46E00601864 /* Debug */ = {
			isa = XCBuildConfiguration;
			buildSettings = {
				ALWAYS_SEARCH_USER_PATHS = NO;
				CLANG_ANALYZER_NONNULL = YES;
				CLANG_ANALYZER_NUMBER_OBJECT_CONVERSION = YES_AGGRESSIVE;
				CLANG_CXX_LANGUAGE_STANDARD = "gnu++0x";
				CLANG_CXX_LIBRARY = "libc++";
				CLANG_ENABLE_MODULES = YES;
				CLANG_ENABLE_OBJC_ARC = YES;
				CLANG_WARN_BOOL_CONVERSION = YES;
				CLANG_WARN_CONSTANT_CONVERSION = YES;
				CLANG_WARN_DIRECT_OBJC_ISA_USAGE = YES_ERROR;
				CLANG_WARN_DOCUMENTATION_COMMENTS = YES;
				CLANG_WARN_EMPTY_BODY = YES;
				CLANG_WARN_ENUM_CONVERSION = YES;
				CLANG_WARN_INFINITE_RECURSION = YES;
				CLANG_WARN_INT_CONVERSION = YES;
				CLANG_WARN_OBJC_ROOT_CLASS = YES_ERROR;
				CLANG_WARN_SUSPICIOUS_MOVE = YES;
				CLANG_WARN_UNREACHABLE_CODE = YES;
				CLANG_WARN__DUPLICATE_METHOD_MATCH = YES;
				"CODE_SIGN_IDENTITY[sdk=iphoneos*]" = "iPhone Developer";
				COPY_PHASE_STRIP = NO;
				DEBUG_INFORMATION_FORMAT = dwarf;
				ENABLE_STRICT_OBJC_MSGSEND = YES;
				ENABLE_TESTABILITY = YES;
				GCC_C_LANGUAGE_STANDARD = gnu99;
				GCC_DYNAMIC_NO_PIC = NO;
				GCC_NO_COMMON_BLOCKS = YES;
				GCC_OPTIMIZATION_LEVEL = 0;
				GCC_PREPROCESSOR_DEFINITIONS = (
					"DEBUG=1",
					"$(inherited)",
				);
				GCC_WARN_64_TO_32_BIT_CONVERSION = YES;
				GCC_WARN_ABOUT_RETURN_TYPE = YES_ERROR;
				GCC_WARN_UNDECLARED_SELECTOR = YES;
				GCC_WARN_UNINITIALIZED_AUTOS = YES_AGGRESSIVE;
				GCC_WARN_UNUSED_FUNCTION = YES;
				GCC_WARN_UNUSED_VARIABLE = YES;
				IPHONEOS_DEPLOYMENT_TARGET = 10.3;
				MTL_ENABLE_DEBUG_INFO = YES;
				ONLY_ACTIVE_ARCH = YES;
				SDKROOT = iphoneos;
				SWIFT_ACTIVE_COMPILATION_CONDITIONS = DEBUG;
				SWIFT_OPTIMIZATION_LEVEL = "-Onone";
			};
			name = Debug;
		};
		7D8A8B501F41E46E00601864 /* Release */ = {
			isa = XCBuildConfiguration;
			buildSettings = {
				ALWAYS_SEARCH_USER_PATHS = NO;
				CLANG_ANALYZER_NONNULL = YES;
				CLANG_ANALYZER_NUMBER_OBJECT_CONVERSION = YES_AGGRESSIVE;
				CLANG_CXX_LANGUAGE_STANDARD = "gnu++0x";
				CLANG_CXX_LIBRARY = "libc++";
				CLANG_ENABLE_MODULES = YES;
				CLANG_ENABLE_OBJC_ARC = YES;
				CLANG_WARN_BOOL_CONVERSION = YES;
				CLANG_WARN_CONSTANT_CONVERSION = YES;
				CLANG_WARN_DIRECT_OBJC_ISA_USAGE = YES_ERROR;
				CLANG_WARN_DOCUMENTATION_COMMENTS = YES;
				CLANG_WARN_EMPTY_BODY = YES;
				CLANG_WARN_ENUM_CONVERSION = YES;
				CLANG_WARN_INFINITE_RECURSION = YES;
				CLANG_WARN_INT_CONVERSION = YES;
				CLANG_WARN_OBJC_ROOT_CLASS = YES_ERROR;
				CLANG_WARN_SUSPICIOUS_MOVE = YES;
				CLANG_WARN_UNREACHABLE_CODE = YES;
				CLANG_WARN__DUPLICATE_METHOD_MATCH = YES;
				"CODE_SIGN_IDENTITY[sdk=iphoneos*]" = "iPhone Developer";
				COPY_PHASE_STRIP = NO;
				DEBUG_INFORMATION_FORMAT = "dwarf-with-dsym";
				ENABLE_NS_ASSERTIONS = NO;
				ENABLE_STRICT_OBJC_MSGSEND = YES;
				GCC_C_LANGUAGE_STANDARD = gnu99;
				GCC_NO_COMMON_BLOCKS = YES;
				GCC_WARN_64_TO_32_BIT_CONVERSION = YES;
				GCC_WARN_ABOUT_RETURN_TYPE = YES_ERROR;
				GCC_WARN_UNDECLARED_SELECTOR = YES;
				GCC_WARN_UNINITIALIZED_AUTOS = YES_AGGRESSIVE;
				GCC_WARN_UNUSED_FUNCTION = YES;
				GCC_WARN_UNUSED_VARIABLE = YES;
				IPHONEOS_DEPLOYMENT_TARGET = 10.3;
				MTL_ENABLE_DEBUG_INFO = NO;
				SDKROOT = iphoneos;
				SWIFT_OPTIMIZATION_LEVEL = "-Owholemodule";
				VALIDATE_PRODUCT = YES;
			};
			name = Release;
		};
		7D8A8B521F41E46E00601864 /* Debug */ = {
			isa = XCBuildConfiguration;
			buildSettings = {
				ASSETCATALOG_COMPILER_APPICON_NAME = AppIcon;
				CODE_SIGN_IDENTITY = "iPhone Developer";
				"CODE_SIGN_IDENTITY[sdk=iphoneos*]" = "iPhone Developer";
				CURRENT_PROJECT_VERSION = 3;
				DEVELOPMENT_TEAM = V25827DWJV;
				INFOPLIST_FILE = "ci-sample/Info.plist";
				IPHONEOS_DEPLOYMENT_TARGET = 10.0;
				LD_RUNPATH_SEARCH_PATHS = "$(inherited) @executable_path/Frameworks";
				PRODUCT_BUNDLE_IDENTIFIER = com.tarappo.cisample;
				PRODUCT_NAME = "$(TARGET_NAME)";
				PROVISIONING_PROFILE = "";
				PROVISIONING_PROFILE_SPECIFIER = "ci-sample-dev";
				SWIFT_VERSION = 3.0;
			};
			name = Debug;
		};
		7D8A8B531F41E46E00601864 /* Release */ = {
			isa = XCBuildConfiguration;
			buildSettings = {
				ASSETCATALOG_COMPILER_APPICON_NAME = AppIcon;
				CODE_SIGN_IDENTITY = "iPhone Developer";
				"CODE_SIGN_IDENTITY[sdk=iphoneos*]" = "iPhone Distribution";
				CURRENT_PROJECT_VERSION = 3;
				DEVELOPMENT_TEAM = V25827DWJV;
				INFOPLIST_FILE = "ci-sample/Info.plist";
				IPHONEOS_DEPLOYMENT_TARGET = 10.0;
				LD_RUNPATH_SEARCH_PATHS = "$(inherited) @executable_path/Frameworks";
				PRODUCT_BUNDLE_IDENTIFIER = com.tarappo.cisample;
				PRODUCT_NAME = "$(TARGET_NAME)";
				PROVISIONING_PROFILE = "";
				PROVISIONING_PROFILE_SPECIFIER = "ci-sample-adhoc";
				SWIFT_VERSION = 3.0;
			};
			name = Release;
		};
/* End XCBuildConfiguration section */

/* Begin XCConfigurationList section */
		7D8A8B3A1F41E46E00601864 /* Build configuration list for PBXProject "ci-sample" */ = {
			isa = XCConfigurationList;
			buildConfigurations = (
				7D8A8B4F1F41E46E00601864 /* Debug */,
				7D8A8B501F41E46E00601864 /* Release */,
			);
			defaultConfigurationIsVisible = 0;
			defaultConfigurationName = Release;
		};
		7D8A8B511F41E46E00601864 /* Build configuration list for PBXNativeTarget "ci-sample" */ = {
			isa = XCConfigurationList;
			buildConfigurations = (
				7D8A8B521F41E46E00601864 /* Debug */,
				7D8A8B531F41E46E00601864 /* Release */,
			);
			defaultConfigurationIsVisible = 0;
			defaultConfigurationName = Release;
		};
/* End XCConfigurationList section */
	};
	rootObject = 7D8A8B371F41E46E00601864 /* Project object */;
}
