// !$*UTF8*$!
{
	archiveVersion = 1;
	classes = {
	};
	objectVersion = 51;
	objects = {

/* Begin PBXBuildFile section */
		73B7203422DE92F7001FA8E1 /* Sample.swift in Sources */ = {isa = PBXBuildFile; fileRef = 73B7203322DE92F7001FA8E1 /* Sample.swift */; };
		73FF83C1222B200C00A3D3ED /* SampleTests.swift in Sources */ = {isa = PBXBuildFile; fileRef = 73FF83C0222B200C00A3D3ED /* SampleTests.swift */; };
		7D0095792310CE2B00192E44 /* SampleUITests.swift in Sources */ = {isa = PBXBuildFile; fileRef = 7D0095782310CE2B00192E44 /* SampleUITests.swift */; };
		7D8A8B431F41E46E00601864 /* AppDelegate.swift in Sources */ = {isa = PBXBuildFile; fileRef = 7D8A8B421F41E46E00601864 /* AppDelegate.swift */; };
		7D8A8B451F41E46E00601864 /* ViewController.swift in Sources */ = {isa = PBXBuildFile; fileRef = 7D8A8B441F41E46E00601864 /* ViewController.swift */; };
		7D8A8B481F41E46E00601864 /* Main.storyboard in Resources */ = {isa = PBXBuildFile; fileRef = 7D8A8B461F41E46E00601864 /* Main.storyboard */; };
		7D8A8B4A1F41E46E00601864 /* Assets.xcassets in Resources */ = {isa = PBXBuildFile; fileRef = 7D8A8B491F41E46E00601864 /* Assets.xcassets */; };
		7D8A8B4D1F41E46E00601864 /* LaunchScreen.storyboard in Resources */ = {isa = PBXBuildFile; fileRef = 7D8A8B4B1F41E46E00601864 /* LaunchScreen.storyboard */; };
		A1816CA62CACDED9187EB503 /* Pods_ci_sample.framework in Frameworks */ = {isa = PBXBuildFile; fileRef = BAC7C01D404DE33A2773D5B6 /* Pods_ci_sample.framework */; };
		C4137D075FBDC61E3216E4C3 /* Pods_ci_sampleTests.framework in Frameworks */ = {isa = PBXBuildFile; fileRef = D261FBF1000BFA864572990A /* Pods_ci_sampleTests.framework */; };
/* End PBXBuildFile section */

/* Begin PBXContainerItemProxy section */
		73FF83BB222B1FDF00A3D3ED /* PBXContainerItemProxy */ = {
			isa = PBXContainerItemProxy;
			containerPortal = 7D8A8B371F41E46E00601864 /* Project object */;
			proxyType = 1;
			remoteGlobalIDString = 7D8A8B3E1F41E46E00601864;
			remoteInfo = "ci-sample";
		};
		7D00957B2310CE2B00192E44 /* PBXContainerItemProxy */ = {
			isa = PBXContainerItemProxy;
			containerPortal = 7D8A8B371F41E46E00601864 /* Project object */;
			proxyType = 1;
			remoteGlobalIDString = 7D8A8B3E1F41E46E00601864;
			remoteInfo = "ci-sample";
		};
/* End PBXContainerItemProxy section */

/* Begin PBXFileReference section */
		5E122DAE76E278E2974CF092 /* Pods-ci-sample.debug.xcconfig */ = {isa = PBXFileReference; includeInIndex = 1; lastKnownFileType = text.xcconfig; name = "Pods-ci-sample.debug.xcconfig"; path = "Target Support Files/Pods-ci-sample/Pods-ci-sample.debug.xcconfig"; sourceTree = "<group>"; };
		5E4DE213638BF8791D80E6AF /* Pods-ci-sample.release.xcconfig */ = {isa = PBXFileReference; includeInIndex = 1; lastKnownFileType = text.xcconfig; name = "Pods-ci-sample.release.xcconfig"; path = "Target Support Files/Pods-ci-sample/Pods-ci-sample.release.xcconfig"; sourceTree = "<group>"; };
		6BDC5F4861D3896EDF217093 /* Pods-ci-sampleTests.release.xcconfig */ = {isa = PBXFileReference; includeInIndex = 1; lastKnownFileType = text.xcconfig; name = "Pods-ci-sampleTests.release.xcconfig"; path = "Target Support Files/Pods-ci-sampleTests/Pods-ci-sampleTests.release.xcconfig"; sourceTree = "<group>"; };
		73B7203322DE92F7001FA8E1 /* Sample.swift */ = {isa = PBXFileReference; lastKnownFileType = sourcecode.swift; path = Sample.swift; sourceTree = "<group>"; };
		73FF83B6222B1FDF00A3D3ED /* ci-sampleTests.xctest */ = {isa = PBXFileReference; explicitFileType = wrapper.cfbundle; includeInIndex = 0; path = "ci-sampleTests.xctest"; sourceTree = BUILT_PRODUCTS_DIR; };
		73FF83BA222B1FDF00A3D3ED /* Info.plist */ = {isa = PBXFileReference; lastKnownFileType = text.plist.xml; path = Info.plist; sourceTree = "<group>"; };
		73FF83C0222B200C00A3D3ED /* SampleTests.swift */ = {isa = PBXFileReference; fileEncoding = 4; lastKnownFileType = sourcecode.swift; path = SampleTests.swift; sourceTree = "<group>"; };
		7D0095762310CE2B00192E44 /* ci-sampleUITests.xctest */ = {isa = PBXFileReference; explicitFileType = wrapper.cfbundle; includeInIndex = 0; path = "ci-sampleUITests.xctest"; sourceTree = BUILT_PRODUCTS_DIR; };
		7D0095782310CE2B00192E44 /* SampleUITests.swift */ = {isa = PBXFileReference; lastKnownFileType = sourcecode.swift; path = SampleUITests.swift; sourceTree = "<group>"; };
		7D00957A2310CE2B00192E44 /* Info.plist */ = {isa = PBXFileReference; lastKnownFileType = text.plist.xml; path = Info.plist; sourceTree = "<group>"; };
		7D8A8B3F1F41E46E00601864 /* ci-sample.app */ = {isa = PBXFileReference; explicitFileType = wrapper.application; includeInIndex = 0; path = "ci-sample.app"; sourceTree = BUILT_PRODUCTS_DIR; };
		7D8A8B421F41E46E00601864 /* AppDelegate.swift */ = {isa = PBXFileReference; lastKnownFileType = sourcecode.swift; path = AppDelegate.swift; sourceTree = "<group>"; };
		7D8A8B441F41E46E00601864 /* ViewController.swift */ = {isa = PBXFileReference; lastKnownFileType = sourcecode.swift; path = ViewController.swift; sourceTree = "<group>"; };
		7D8A8B471F41E46E00601864 /* Base */ = {isa = PBXFileReference; lastKnownFileType = file.storyboard; name = Base; path = Base.lproj/Main.storyboard; sourceTree = "<group>"; };
		7D8A8B491F41E46E00601864 /* Assets.xcassets */ = {isa = PBXFileReference; lastKnownFileType = folder.assetcatalog; path = Assets.xcassets; sourceTree = "<group>"; };
		7D8A8B4C1F41E46E00601864 /* Base */ = {isa = PBXFileReference; lastKnownFileType = file.storyboard; name = Base; path = Base.lproj/LaunchScreen.storyboard; sourceTree = "<group>"; };
		7D8A8B4E1F41E46E00601864 /* Info.plist */ = {isa = PBXFileReference; lastKnownFileType = text.plist.xml; path = Info.plist; sourceTree = "<group>"; };
		BAC7C01D404DE33A2773D5B6 /* Pods_ci_sample.framework */ = {isa = PBXFileReference; explicitFileType = wrapper.framework; includeInIndex = 0; path = Pods_ci_sample.framework; sourceTree = BUILT_PRODUCTS_DIR; };
		D261FBF1000BFA864572990A /* Pods_ci_sampleTests.framework */ = {isa = PBXFileReference; explicitFileType = wrapper.framework; includeInIndex = 0; path = Pods_ci_sampleTests.framework; sourceTree = BUILT_PRODUCTS_DIR; };
		DF0A5F7938541D6578910407 /* Pods-ci-sampleTests.debug.xcconfig */ = {isa = PBXFileReference; includeInIndex = 1; lastKnownFileType = text.xcconfig; name = "Pods-ci-sampleTests.debug.xcconfig"; path = "Target Support Files/Pods-ci-sampleTests/Pods-ci-sampleTests.debug.xcconfig"; sourceTree = "<group>"; };
/* End PBXFileReference section */

/* Begin PBXFrameworksBuildPhase section */
		73FF83B3222B1FDF00A3D3ED /* Frameworks */ = {
			isa = PBXFrameworksBuildPhase;
			buildActionMask = 2147483647;
			files = (
				C4137D075FBDC61E3216E4C3 /* Pods_ci_sampleTests.framework in Frameworks */,
			);
			runOnlyForDeploymentPostprocessing = 0;
		};
		7D0095732310CE2B00192E44 /* Frameworks */ = {
			isa = PBXFrameworksBuildPhase;
			buildActionMask = 2147483647;
			files = (
			);
			runOnlyForDeploymentPostprocessing = 0;
		};
		7D8A8B3C1F41E46E00601864 /* Frameworks */ = {
			isa = PBXFrameworksBuildPhase;
			buildActionMask = 2147483647;
			files = (
				A1816CA62CACDED9187EB503 /* Pods_ci_sample.framework in Frameworks */,
			);
			runOnlyForDeploymentPostprocessing = 0;
		};
/* End PBXFrameworksBuildPhase section */

/* Begin PBXGroup section */
		60726EFB7D5A1ED8518A3A97 /* Pods */ = {
			isa = PBXGroup;
			children = (
				5E122DAE76E278E2974CF092 /* Pods-ci-sample.debug.xcconfig */,
				5E4DE213638BF8791D80E6AF /* Pods-ci-sample.release.xcconfig */,
				DF0A5F7938541D6578910407 /* Pods-ci-sampleTests.debug.xcconfig */,
				6BDC5F4861D3896EDF217093 /* Pods-ci-sampleTests.release.xcconfig */,
			);
			path = Pods;
			sourceTree = "<group>";
		};
		73FF83B7222B1FDF00A3D3ED /* ci-sampleTests */ = {
			isa = PBXGroup;
			children = (
				73FF83C0222B200C00A3D3ED /* SampleTests.swift */,
				73FF83BA222B1FDF00A3D3ED /* Info.plist */,
			);
			path = "ci-sampleTests";
			sourceTree = "<group>";
		};
		7D00957123102F6400192E44 /* ForTest */ = {
			isa = PBXGroup;
			children = (
				73B7203322DE92F7001FA8E1 /* Sample.swift */,
			);
			path = ForTest;
			sourceTree = "<group>";
		};
		7D0095772310CE2B00192E44 /* ci-sampleUITests */ = {
			isa = PBXGroup;
			children = (
				7D0095782310CE2B00192E44 /* SampleUITests.swift */,
				7D00957A2310CE2B00192E44 /* Info.plist */,
			);
			path = "ci-sampleUITests";
			sourceTree = "<group>";
		};
		7D8A8B361F41E46E00601864 = {
			isa = PBXGroup;
			children = (
				7D8A8B411F41E46E00601864 /* ci-sample */,
				73FF83B7222B1FDF00A3D3ED /* ci-sampleTests */,
				7D0095772310CE2B00192E44 /* ci-sampleUITests */,
				7D8A8B401F41E46E00601864 /* Products */,
				60726EFB7D5A1ED8518A3A97 /* Pods */,
				E7D5B80C96C94D1E6C2F4FC2 /* Frameworks */,
			);
			sourceTree = "<group>";
		};
		7D8A8B401F41E46E00601864 /* Products */ = {
			isa = PBXGroup;
			children = (
				7D8A8B3F1F41E46E00601864 /* ci-sample.app */,
				73FF83B6222B1FDF00A3D3ED /* ci-sampleTests.xctest */,
				7D0095762310CE2B00192E44 /* ci-sampleUITests.xctest */,
			);
			name = Products;
			sourceTree = "<group>";
		};
		7D8A8B411F41E46E00601864 /* ci-sample */ = {
			isa = PBXGroup;
			children = (
				7D00957123102F6400192E44 /* ForTest */,
				7D8A8B421F41E46E00601864 /* AppDelegate.swift */,
				7D8A8B441F41E46E00601864 /* ViewController.swift */,
				7D8A8B461F41E46E00601864 /* Main.storyboard */,
				7D8A8B491F41E46E00601864 /* Assets.xcassets */,
				7D8A8B4B1F41E46E00601864 /* LaunchScreen.storyboard */,
				7D8A8B4E1F41E46E00601864 /* Info.plist */,
			);
			path = "ci-sample";
			sourceTree = "<group>";
		};
		E7D5B80C96C94D1E6C2F4FC2 /* Frameworks */ = {
			isa = PBXGroup;
			children = (
				BAC7C01D404DE33A2773D5B6 /* Pods_ci_sample.framework */,
				D261FBF1000BFA864572990A /* Pods_ci_sampleTests.framework */,
			);
			name = Frameworks;
			sourceTree = "<group>";
		};
/* End PBXGroup section */

/* Begin PBXNativeTarget section */
		73FF83B5222B1FDF00A3D3ED /* ci-sampleTests */ = {
			isa = PBXNativeTarget;
			buildConfigurationList = 73FF83BD222B1FDF00A3D3ED /* Build configuration list for PBXNativeTarget "ci-sampleTests" */;
			buildPhases = (
				7E3CECF8D9A852927DFCB043 /* [CP] Check Pods Manifest.lock */,
				73FF83B2222B1FDF00A3D3ED /* Sources */,
				73FF83B3222B1FDF00A3D3ED /* Frameworks */,
				73FF83B4222B1FDF00A3D3ED /* Resources */,
				6A0C2FDB185464D57700AE16 /* [CP] Embed Pods Frameworks */,
			);
			buildRules = (
			);
			dependencies = (
				73FF83BC222B1FDF00A3D3ED /* PBXTargetDependency */,
			);
			name = "ci-sampleTests";
			productName = "ci-sampleTests";
			productReference = 73FF83B6222B1FDF00A3D3ED /* ci-sampleTests.xctest */;
			productType = "com.apple.product-type.bundle.unit-test";
		};
		7D0095752310CE2B00192E44 /* ci-sampleUITests */ = {
			isa = PBXNativeTarget;
			buildConfigurationList = 7D00957F2310CE2B00192E44 /* Build configuration list for PBXNativeTarget "ci-sampleUITests" */;
			buildPhases = (
				7D0095722310CE2B00192E44 /* Sources */,
				7D0095732310CE2B00192E44 /* Frameworks */,
				7D0095742310CE2B00192E44 /* Resources */,
			);
			buildRules = (
			);
			dependencies = (
				7D00957C2310CE2B00192E44 /* PBXTargetDependency */,
			);
			name = "ci-sampleUITests";
			productName = "ci-sampleUITests";
			productReference = 7D0095762310CE2B00192E44 /* ci-sampleUITests.xctest */;
			productType = "com.apple.product-type.bundle.ui-testing";
		};
		7D8A8B3E1F41E46E00601864 /* ci-sample */ = {
			isa = PBXNativeTarget;
			buildConfigurationList = 7D8A8B511F41E46E00601864 /* Build configuration list for PBXNativeTarget "ci-sample" */;
			buildPhases = (
				92FAB8140DA3276E83736AAA /* [CP] Check Pods Manifest.lock */,
				7D8A8B3B1F41E46E00601864 /* Sources */,
				7D8A8B3C1F41E46E00601864 /* Frameworks */,
				7D8A8B3D1F41E46E00601864 /* Resources */,
			);
			buildRules = (
			);
			dependencies = (
			);
			name = "ci-sample";
			productName = "ci-sample";
			productReference = 7D8A8B3F1F41E46E00601864 /* ci-sample.app */;
			productType = "com.apple.product-type.application";
		};
/* End PBXNativeTarget section */

/* Begin PBXProject section */
		7D8A8B371F41E46E00601864 /* Project object */ = {
			isa = PBXProject;
			attributes = {
				LastSwiftUpdateCheck = 1020;
				LastUpgradeCheck = 1010;
				ORGANIZATIONNAME = tarappo;
				TargetAttributes = {
					73FF83B5222B1FDF00A3D3ED = {
						CreatedOnToolsVersion = 10.1;
						ProvisioningStyle = Manual;
						TestTargetID = 7D8A8B3E1F41E46E00601864;
					};
					7D0095752310CE2B00192E44 = {
						CreatedOnToolsVersion = 10.2.1;
						TestTargetID = 7D8A8B3E1F41E46E00601864;
					};
					7D8A8B3E1F41E46E00601864 = {
						CreatedOnToolsVersion = 8.3.3;
						DevelopmentTeam = V25827DWJV;
						ProvisioningStyle = Manual;
					};
				};
			};
			buildConfigurationList = 7D8A8B3A1F41E46E00601864 /* Build configuration list for PBXProject "ci-sample" */;
			compatibilityVersion = "Xcode 10.0";
			developmentRegion = English;
			hasScannedForEncodings = 0;
			knownRegions = (
				English,
				en,
				Base,
			);
			mainGroup = 7D8A8B361F41E46E00601864;
			productRefGroup = 7D8A8B401F41E46E00601864 /* Products */;
			projectDirPath = "";
			projectRoot = "";
			targets = (
				7D8A8B3E1F41E46E00601864 /* ci-sample */,
				73FF83B5222B1FDF00A3D3ED /* ci-sampleTests */,
				7D0095752310CE2B00192E44 /* ci-sampleUITests */,
			);
		};
/* End PBXProject section */

/* Begin PBXResourcesBuildPhase section */
		73FF83B4222B1FDF00A3D3ED /* Resources */ = {
			isa = PBXResourcesBuildPhase;
			buildActionMask = 2147483647;
			files = (
			);
			runOnlyForDeploymentPostprocessing = 0;
		};
		7D0095742310CE2B00192E44 /* Resources */ = {
			isa = PBXResourcesBuildPhase;
			buildActionMask = 2147483647;
			files = (
			);
			runOnlyForDeploymentPostprocessing = 0;
		};
		7D8A8B3D1F41E46E00601864 /* Resources */ = {
			isa = PBXResourcesBuildPhase;
			buildActionMask = 2147483647;
			files = (
				7D8A8B4D1F41E46E00601864 /* LaunchScreen.storyboard in Resources */,
				7D8A8B4A1F41E46E00601864 /* Assets.xcassets in Resources */,
				7D8A8B481F41E46E00601864 /* Main.storyboard in Resources */,
			);
			runOnlyForDeploymentPostprocessing = 0;
		};
/* End PBXResourcesBuildPhase section */

/* Begin PBXShellScriptBuildPhase section */
		6A0C2FDB185464D57700AE16 /* [CP] Embed Pods Frameworks */ = {
			isa = PBXShellScriptBuildPhase;
			buildActionMask = 2147483647;
			files = (
			);
			inputFileListPaths = (
				"${PODS_ROOT}/Target Support Files/Pods-ci-sampleTests/Pods-ci-sampleTests-frameworks-${CONFIGURATION}-input-files.xcfilelist",
			);
			name = "[CP] Embed Pods Frameworks";
			outputFileListPaths = (
				"${PODS_ROOT}/Target Support Files/Pods-ci-sampleTests/Pods-ci-sampleTests-frameworks-${CONFIGURATION}-output-files.xcfilelist",
			);
			runOnlyForDeploymentPostprocessing = 0;
			shellPath = /bin/sh;
			shellScript = "\"${PODS_ROOT}/Target Support Files/Pods-ci-sampleTests/Pods-ci-sampleTests-frameworks.sh\"\n";
			showEnvVarsInLog = 0;
		};
		7E3CECF8D9A852927DFCB043 /* [CP] Check Pods Manifest.lock */ = {
			isa = PBXShellScriptBuildPhase;
			buildActionMask = 2147483647;
			files = (
			);
			inputFileListPaths = (
			);
			inputPaths = (
				"${PODS_PODFILE_DIR_PATH}/Podfile.lock",
				"${PODS_ROOT}/Manifest.lock",
			);
			name = "[CP] Check Pods Manifest.lock";
			outputFileListPaths = (
			);
			outputPaths = (
				"$(DERIVED_FILE_DIR)/Pods-ci-sampleTests-checkManifestLockResult.txt",
			);
			runOnlyForDeploymentPostprocessing = 0;
			shellPath = /bin/sh;
			shellScript = "diff \"${PODS_PODFILE_DIR_PATH}/Podfile.lock\" \"${PODS_ROOT}/Manifest.lock\" > /dev/null\nif [ $? != 0 ] ; then\n    # print error to STDERR\n    echo \"error: The sandbox is not in sync with the Podfile.lock. Run 'pod install' or update your CocoaPods installation.\" >&2\n    exit 1\nfi\n# This output is used by Xcode 'outputs' to avoid re-running this script phase.\necho \"SUCCESS\" > \"${SCRIPT_OUTPUT_FILE_0}\"\n";
			showEnvVarsInLog = 0;
		};
		92FAB8140DA3276E83736AAA /* [CP] Check Pods Manifest.lock */ = {
			isa = PBXShellScriptBuildPhase;
			buildActionMask = 2147483647;
			files = (
			);
			inputFileListPaths = (
			);
			inputPaths = (
				"${PODS_PODFILE_DIR_PATH}/Podfile.lock",
				"${PODS_ROOT}/Manifest.lock",
			);
			name = "[CP] Check Pods Manifest.lock";
			outputFileListPaths = (
			);
			outputPaths = (
				"$(DERIVED_FILE_DIR)/Pods-ci-sample-checkManifestLockResult.txt",
			);
			runOnlyForDeploymentPostprocessing = 0;
			shellPath = /bin/sh;
			shellScript = "diff \"${PODS_PODFILE_DIR_PATH}/Podfile.lock\" \"${PODS_ROOT}/Manifest.lock\" > /dev/null\nif [ $? != 0 ] ; then\n    # print error to STDERR\n    echo \"error: The sandbox is not in sync with the Podfile.lock. Run 'pod install' or update your CocoaPods installation.\" >&2\n    exit 1\nfi\n# This output is used by Xcode 'outputs' to avoid re-running this script phase.\necho \"SUCCESS\" > \"${SCRIPT_OUTPUT_FILE_0}\"\n";
			showEnvVarsInLog = 0;
		};
/* End PBXShellScriptBuildPhase section */

/* Begin PBXSourcesBuildPhase section */
		73FF83B2222B1FDF00A3D3ED /* Sources */ = {
			isa = PBXSourcesBuildPhase;
			buildActionMask = 2147483647;
			files = (
				73FF83C1222B200C00A3D3ED /* SampleTests.swift in Sources */,
			);
			runOnlyForDeploymentPostprocessing = 0;
		};
		7D0095722310CE2B00192E44 /* Sources */ = {
			isa = PBXSourcesBuildPhase;
			buildActionMask = 2147483647;
			files = (
				7D0095792310CE2B00192E44 /* SampleUITests.swift in Sources */,
			);
			runOnlyForDeploymentPostprocessing = 0;
		};
		7D8A8B3B1F41E46E00601864 /* Sources */ = {
			isa = PBXSourcesBuildPhase;
			buildActionMask = 2147483647;
			files = (
				7D8A8B451F41E46E00601864 /* ViewController.swift in Sources */,
				73B7203422DE92F7001FA8E1 /* Sample.swift in Sources */,
				7D8A8B431F41E46E00601864 /* AppDelegate.swift in Sources */,
			);
			runOnlyForDeploymentPostprocessing = 0;
		};
/* End PBXSourcesBuildPhase section */

/* Begin PBXTargetDependency section */
		73FF83BC222B1FDF00A3D3ED /* PBXTargetDependency */ = {
			isa = PBXTargetDependency;
			target = 7D8A8B3E1F41E46E00601864 /* ci-sample */;
			targetProxy = 73FF83BB222B1FDF00A3D3ED /* PBXContainerItemProxy */;
		};
		7D00957C2310CE2B00192E44 /* PBXTargetDependency */ = {
			isa = PBXTargetDependency;
			target = 7D8A8B3E1F41E46E00601864 /* ci-sample */;
			targetProxy = 7D00957B2310CE2B00192E44 /* PBXContainerItemProxy */;
		};
/* End PBXTargetDependency section */

/* Begin PBXVariantGroup section */
		7D8A8B461F41E46E00601864 /* Main.storyboard */ = {
			isa = PBXVariantGroup;
			children = (
				7D8A8B471F41E46E00601864 /* Base */,
			);
			name = Main.storyboard;
			sourceTree = "<group>";
		};
		7D8A8B4B1F41E46E00601864 /* LaunchScreen.storyboard */ = {
			isa = PBXVariantGroup;
			children = (
				7D8A8B4C1F41E46E00601864 /* Base */,
			);
			name = LaunchScreen.storyboard;
			sourceTree = "<group>";
		};
/* End PBXVariantGroup section */

/* Begin XCBuildConfiguration section */
		73FF83BE222B1FDF00A3D3ED /* Debug */ = {
			isa = XCBuildConfiguration;
			baseConfigurationReference = DF0A5F7938541D6578910407 /* Pods-ci-sampleTests.debug.xcconfig */;
			buildSettings = {
				BUNDLE_LOADER = "$(TEST_HOST)";
				CLANG_CXX_LANGUAGE_STANDARD = "gnu++14";
				CLANG_ENABLE_OBJC_WEAK = YES;
				CLANG_WARN_BLOCK_CAPTURE_AUTORELEASING = YES;
				CLANG_WARN_COMMA = YES;
				CLANG_WARN_DEPRECATED_OBJC_IMPLEMENTATIONS = YES;
				CLANG_WARN_NON_LITERAL_NULL_CONVERSION = YES;
				CLANG_WARN_OBJC_IMPLICIT_RETAIN_SELF = YES;
				CLANG_WARN_OBJC_LITERAL_CONVERSION = YES;
				CLANG_WARN_RANGE_LOOP_ANALYSIS = YES;
				CLANG_WARN_STRICT_PROTOTYPES = YES;
				CLANG_WARN_UNGUARDED_AVAILABILITY = YES_AGGRESSIVE;
				CODE_SIGN_IDENTITY = "iPhone Developer";
				CODE_SIGN_STYLE = Automatic;
				DEVELOPMENT_TEAM = "";
				GCC_C_LANGUAGE_STANDARD = gnu11;
				INFOPLIST_FILE = "ci-sampleTests/Info.plist";
				IPHONEOS_DEPLOYMENT_TARGET = 12.1;
				LD_RUNPATH_SEARCH_PATHS = (
					"$(inherited)",
					"@executable_path/Frameworks",
					"@loader_path/Frameworks",
				);
				MTL_ENABLE_DEBUG_INFO = INCLUDE_SOURCE;
				MTL_FAST_MATH = YES;
				PRODUCT_BUNDLE_IDENTIFIER = "com.tarappo.ci-sampleTests";
				PRODUCT_NAME = "$(TARGET_NAME)";
				PROVISIONING_PROFILE_SPECIFIER = "";
				SWIFT_VERSION = 5.0;
				TARGETED_DEVICE_FAMILY = "1,2";
				TEST_HOST = "$(BUILT_PRODUCTS_DIR)/ci-sample.app/ci-sample";
			};
			name = Debug;
		};
		73FF83BF222B1FDF00A3D3ED /* Release */ = {
			isa = XCBuildConfiguration;
			baseConfigurationReference = 6BDC5F4861D3896EDF217093 /* Pods-ci-sampleTests.release.xcconfig */;
			buildSettings = {
				BUNDLE_LOADER = "$(TEST_HOST)";
				CLANG_CXX_LANGUAGE_STANDARD = "gnu++14";
				CLANG_ENABLE_OBJC_WEAK = YES;
				CLANG_WARN_BLOCK_CAPTURE_AUTORELEASING = YES;
				CLANG_WARN_COMMA = YES;
				CLANG_WARN_DEPRECATED_OBJC_IMPLEMENTATIONS = YES;
				CLANG_WARN_NON_LITERAL_NULL_CONVERSION = YES;
				CLANG_WARN_OBJC_IMPLICIT_RETAIN_SELF = YES;
				CLANG_WARN_OBJC_LITERAL_CONVERSION = YES;
				CLANG_WARN_RANGE_LOOP_ANALYSIS = YES;
				CLANG_WARN_STRICT_PROTOTYPES = YES;
				CLANG_WARN_UNGUARDED_AVAILABILITY = YES_AGGRESSIVE;
				CODE_SIGN_IDENTITY = "iPhone Distribution";
				CODE_SIGN_STYLE = Automatic;
				DEVELOPMENT_TEAM = "";
				GCC_C_LANGUAGE_STANDARD = gnu11;
				INFOPLIST_FILE = "ci-sampleTests/Info.plist";
				IPHONEOS_DEPLOYMENT_TARGET = 12.1;
				LD_RUNPATH_SEARCH_PATHS = (
					"$(inherited)",
					"@executable_path/Frameworks",
					"@loader_path/Frameworks",
				);
				MTL_FAST_MATH = YES;
				PRODUCT_BUNDLE_IDENTIFIER = "com.tarappo.ci-sampleTests";
				PRODUCT_NAME = "$(TARGET_NAME)";
				PROVISIONING_PROFILE_SPECIFIER = "";
				SWIFT_VERSION = 5.0;
				TARGETED_DEVICE_FAMILY = "1,2";
				TEST_HOST = "$(BUILT_PRODUCTS_DIR)/ci-sample.app/ci-sample";
			};
			name = Release;
		};
		7D00957D2310CE2B00192E44 /* Debug */ = {
			isa = XCBuildConfiguration;
			buildSettings = {
				CLANG_CXX_LANGUAGE_STANDARD = "gnu++14";
				CLANG_ENABLE_OBJC_WEAK = YES;
				CLANG_WARN_UNGUARDED_AVAILABILITY = YES_AGGRESSIVE;
				CODE_SIGN_IDENTITY = "iPhone Developer";
				CODE_SIGN_STYLE = Automatic;
				DEVELOPMENT_TEAM = "";
				GCC_C_LANGUAGE_STANDARD = gnu11;
				INFOPLIST_FILE = "ci-sampleUITests/Info.plist";
				IPHONEOS_DEPLOYMENT_TARGET = 12.2;
				LD_RUNPATH_SEARCH_PATHS = (
					"$(inherited)",
					"@executable_path/Frameworks",
					"@loader_path/Frameworks",
				);
				MTL_ENABLE_DEBUG_INFO = INCLUDE_SOURCE;
				MTL_FAST_MATH = YES;
				PRODUCT_BUNDLE_IDENTIFIER = "com.tarappo.ci-sample";
				PRODUCT_NAME = "$(TARGET_NAME)";
				PROVISIONING_PROFILE_SPECIFIER = "";
				SWIFT_VERSION = 5.0;
				TARGETED_DEVICE_FAMILY = "1,2";
				TEST_TARGET_NAME = "ci-sample";
			};
			name = Debug;
		};
		7D00957E2310CE2B00192E44 /* Release */ = {
			isa = XCBuildConfiguration;
			buildSettings = {
				CLANG_CXX_LANGUAGE_STANDARD = "gnu++14";
				CLANG_ENABLE_OBJC_WEAK = YES;
				CLANG_WARN_UNGUARDED_AVAILABILITY = YES_AGGRESSIVE;
				CODE_SIGN_IDENTITY = "iPhone Developer";
				CODE_SIGN_STYLE = Automatic;
				DEVELOPMENT_TEAM = "";
				GCC_C_LANGUAGE_STANDARD = gnu11;
				INFOPLIST_FILE = "ci-sampleUITests/Info.plist";
				IPHONEOS_DEPLOYMENT_TARGET = 12.2;
				LD_RUNPATH_SEARCH_PATHS = (
					"$(inherited)",
					"@executable_path/Frameworks",
					"@loader_path/Frameworks",
				);
				MTL_FAST_MATH = YES;
				PRODUCT_BUNDLE_IDENTIFIER = "com.tarappo.ci-sample";
				PRODUCT_NAME = "$(TARGET_NAME)";
				PROVISIONING_PROFILE_SPECIFIER = "";
				SWIFT_VERSION = 5.0;
				TARGETED_DEVICE_FAMILY = "1,2";
				TEST_TARGET_NAME = "ci-sample";
			};
			name = Release;
		};
		7D8A8B4F1F41E46E00601864 /* Debug */ = {
			isa = XCBuildConfiguration;
			buildSettings = {
				ALWAYS_SEARCH_USER_PATHS = NO;
				CLANG_ANALYZER_NONNULL = YES;
				CLANG_ANALYZER_NUMBER_OBJECT_CONVERSION = YES_AGGRESSIVE;
				CLANG_CXX_LANGUAGE_STANDARD = "gnu++0x";
				CLANG_CXX_LIBRARY = "libc++";
				CLANG_ENABLE_MODULES = YES;
				CLANG_ENABLE_OBJC_ARC = YES;
				CLANG_WARN_BLOCK_CAPTURE_AUTORELEASING = YES;
				CLANG_WARN_BOOL_CONVERSION = YES;
				CLANG_WARN_COMMA = YES;
				CLANG_WARN_CONSTANT_CONVERSION = YES;
				CLANG_WARN_DEPRECATED_OBJC_IMPLEMENTATIONS = YES;
				CLANG_WARN_DIRECT_OBJC_ISA_USAGE = YES_ERROR;
				CLANG_WARN_DOCUMENTATION_COMMENTS = YES;
				CLANG_WARN_EMPTY_BODY = YES;
				CLANG_WARN_ENUM_CONVERSION = YES;
				CLANG_WARN_INFINITE_RECURSION = YES;
				CLANG_WARN_INT_CONVERSION = YES;
				CLANG_WARN_NON_LITERAL_NULL_CONVERSION = YES;
				CLANG_WARN_OBJC_IMPLICIT_RETAIN_SELF = YES;
				CLANG_WARN_OBJC_LITERAL_CONVERSION = YES;
				CLANG_WARN_OBJC_ROOT_CLASS = YES_ERROR;
				CLANG_WARN_RANGE_LOOP_ANALYSIS = YES;
				CLANG_WARN_STRICT_PROTOTYPES = YES;
				CLANG_WARN_SUSPICIOUS_MOVE = YES;
				CLANG_WARN_UNREACHABLE_CODE = YES;
				CLANG_WARN__DUPLICATE_METHOD_MATCH = YES;
				"CODE_SIGN_IDENTITY[sdk=iphoneos*]" = "iPhone Developer";
				COPY_PHASE_STRIP = NO;
				DEBUG_INFORMATION_FORMAT = dwarf;
				ENABLE_STRICT_OBJC_MSGSEND = YES;
				ENABLE_TESTABILITY = YES;
				GCC_C_LANGUAGE_STANDARD = gnu99;
				GCC_DYNAMIC_NO_PIC = NO;
				GCC_NO_COMMON_BLOCKS = YES;
				GCC_OPTIMIZATION_LEVEL = 0;
				GCC_PREPROCESSOR_DEFINITIONS = (
					"DEBUG=1",
					"$(inherited)",
				);
				GCC_WARN_64_TO_32_BIT_CONVERSION = YES;
				GCC_WARN_ABOUT_RETURN_TYPE = YES_ERROR;
				GCC_WARN_UNDECLARED_SELECTOR = YES;
				GCC_WARN_UNINITIALIZED_AUTOS = YES_AGGRESSIVE;
				GCC_WARN_UNUSED_FUNCTION = YES;
				GCC_WARN_UNUSED_VARIABLE = YES;
				IPHONEOS_DEPLOYMENT_TARGET = 10.3;
				MTL_ENABLE_DEBUG_INFO = YES;
				ONLY_ACTIVE_ARCH = YES;
				SDKROOT = iphoneos;
				SWIFT_ACTIVE_COMPILATION_CONDITIONS = DEBUG;
				SWIFT_OPTIMIZATION_LEVEL = "-Onone";
			};
			name = Debug;
		};
		7D8A8B501F41E46E00601864 /* Release */ = {
			isa = XCBuildConfiguration;
			buildSettings = {
				ALWAYS_SEARCH_USER_PATHS = NO;
				CLANG_ANALYZER_NONNULL = YES;
				CLANG_ANALYZER_NUMBER_OBJECT_CONVERSION = YES_AGGRESSIVE;
				CLANG_CXX_LANGUAGE_STANDARD = "gnu++0x";
				CLANG_CXX_LIBRARY = "libc++";
				CLANG_ENABLE_MODULES = YES;
				CLANG_ENABLE_OBJC_ARC = YES;
				CLANG_WARN_BLOCK_CAPTURE_AUTORELEASING = YES;
				CLANG_WARN_BOOL_CONVERSION = YES;
				CLANG_WARN_COMMA = YES;
				CLANG_WARN_CONSTANT_CONVERSION = YES;
				CLANG_WARN_DEPRECATED_OBJC_IMPLEMENTATIONS = YES;
				CLANG_WARN_DIRECT_OBJC_ISA_USAGE = YES_ERROR;
				CLANG_WARN_DOCUMENTATION_COMMENTS = YES;
				CLANG_WARN_EMPTY_BODY = YES;
				CLANG_WARN_ENUM_CONVERSION = YES;
				CLANG_WARN_INFINITE_RECURSION = YES;
				CLANG_WARN_INT_CONVERSION = YES;
				CLANG_WARN_NON_LITERAL_NULL_CONVERSION = YES;
				CLANG_WARN_OBJC_IMPLICIT_RETAIN_SELF = YES;
				CLANG_WARN_OBJC_LITERAL_CONVERSION = YES;
				CLANG_WARN_OBJC_ROOT_CLASS = YES_ERROR;
				CLANG_WARN_RANGE_LOOP_ANALYSIS = YES;
				CLANG_WARN_STRICT_PROTOTYPES = YES;
				CLANG_WARN_SUSPICIOUS_MOVE = YES;
				CLANG_WARN_UNREACHABLE_CODE = YES;
				CLANG_WARN__DUPLICATE_METHOD_MATCH = YES;
				"CODE_SIGN_IDENTITY[sdk=iphoneos*]" = "iPhone Developer";
				COPY_PHASE_STRIP = NO;
				DEBUG_INFORMATION_FORMAT = "dwarf-with-dsym";
				ENABLE_NS_ASSERTIONS = NO;
				ENABLE_STRICT_OBJC_MSGSEND = YES;
				GCC_C_LANGUAGE_STANDARD = gnu99;
				GCC_NO_COMMON_BLOCKS = YES;
				GCC_WARN_64_TO_32_BIT_CONVERSION = YES;
				GCC_WARN_ABOUT_RETURN_TYPE = YES_ERROR;
				GCC_WARN_UNDECLARED_SELECTOR = YES;
				GCC_WARN_UNINITIALIZED_AUTOS = YES_AGGRESSIVE;
				GCC_WARN_UNUSED_FUNCTION = YES;
				GCC_WARN_UNUSED_VARIABLE = YES;
				IPHONEOS_DEPLOYMENT_TARGET = 10.3;
				MTL_ENABLE_DEBUG_INFO = NO;
				SDKROOT = iphoneos;
				SWIFT_COMPILATION_MODE = wholemodule;
				SWIFT_OPTIMIZATION_LEVEL = "-O";
				VALIDATE_PRODUCT = YES;
			};
			name = Release;
		};
		7D8A8B521F41E46E00601864 /* Debug */ = {
			isa = XCBuildConfiguration;
			baseConfigurationReference = 5E122DAE76E278E2974CF092 /* Pods-ci-sample.debug.xcconfig */;
			buildSettings = {
				ASSETCATALOG_COMPILER_APPICON_NAME = AppIcon;
				CODE_SIGN_IDENTITY = "iPhone Developer";
				"CODE_SIGN_IDENTITY[sdk=iphoneos*]" = "iPhone Developer";
				CODE_SIGN_STYLE = Manual;
				CURRENT_PROJECT_VERSION = 0.0;
				DEVELOPMENT_TEAM = V25827DWJV;
				INFOPLIST_FILE = "ci-sample/Info.plist";
				IPHONEOS_DEPLOYMENT_TARGET = 10.0;
				LD_RUNPATH_SEARCH_PATHS = (
					"$(inherited)",
					"@executable_path/Frameworks",
					"$(FRAMEWORK_SEARCH_PATHS)",
				);
				PRODUCT_BUNDLE_IDENTIFIER = com.tarappo.cisample;
				PRODUCT_NAME = "$(TARGET_NAME)";
				PROVISIONING_PROFILE = "";
				PROVISIONING_PROFILE_SPECIFIER = "ci-sample-dev";
				SWIFT_VERSION = 5.0;
			};
			name = Debug;
		};
		7D8A8B531F41E46E00601864 /* Release */ = {
			isa = XCBuildConfiguration;
			baseConfigurationReference = 5E4DE213638BF8791D80E6AF /* Pods-ci-sample.release.xcconfig */;
			buildSettings = {
				ASSETCATALOG_COMPILER_APPICON_NAME = AppIcon;
				CODE_SIGN_IDENTITY = "iPhone Distribution";
				"CODE_SIGN_IDENTITY[sdk=iphoneos*]" = "iPhone Distribution";
				CODE_SIGN_STYLE = Manual;
				CURRENT_PROJECT_VERSION = 0.0;
				DEVELOPMENT_TEAM = V25827DWJV;
				INFOPLIST_FILE = "ci-sample/Info.plist";
				IPHONEOS_DEPLOYMENT_TARGET = 10.0;
				LD_RUNPATH_SEARCH_PATHS = (
					"$(inherited)",
					"@executable_path/Frameworks",
					"$(FRAMEWORK_SEARCH_PATHS)",
				);
				PRODUCT_BUNDLE_IDENTIFIER = com.tarappo.cisample;
				PRODUCT_NAME = "$(TARGET_NAME)";
				PROVISIONING_PROFILE = "";
				PROVISIONING_PROFILE_SPECIFIER = "ci-sample-adhoc";
				SWIFT_VERSION = 5.0;
			};
			name = Release;
		};
/* End XCBuildConfiguration section */

/* Begin XCConfigurationList section */
		73FF83BD222B1FDF00A3D3ED /* Build configuration list for PBXNativeTarget "ci-sampleTests" */ = {
			isa = XCConfigurationList;
			buildConfigurations = (
				73FF83BE222B1FDF00A3D3ED /* Debug */,
				73FF83BF222B1FDF00A3D3ED /* Release */,
			);
			defaultConfigurationIsVisible = 0;
			defaultConfigurationName = Release;
		};
		7D00957F2310CE2B00192E44 /* Build configuration list for PBXNativeTarget "ci-sampleUITests" */ = {
			isa = XCConfigurationList;
			buildConfigurations = (
				7D00957D2310CE2B00192E44 /* Debug */,
				7D00957E2310CE2B00192E44 /* Release */,
			);
			defaultConfigurationIsVisible = 0;
			defaultConfigurationName = Release;
		};
		7D8A8B3A1F41E46E00601864 /* Build configuration list for PBXProject "ci-sample" */ = {
			isa = XCConfigurationList;
			buildConfigurations = (
				7D8A8B4F1F41E46E00601864 /* Debug */,
				7D8A8B501F41E46E00601864 /* Release */,
			);
			defaultConfigurationIsVisible = 0;
			defaultConfigurationName = Release;
		};
		7D8A8B511F41E46E00601864 /* Build configuration list for PBXNativeTarget "ci-sample" */ = {
			isa = XCConfigurationList;
			buildConfigurations = (
				7D8A8B521F41E46E00601864 /* Debug */,
				7D8A8B531F41E46E00601864 /* Release */,
			);
			defaultConfigurationIsVisible = 0;
			defaultConfigurationName = Release;
		};
/* End XCConfigurationList section */
	};
	rootObject = 7D8A8B371F41E46E00601864 /* Project object */;
}
